
Microsoft Visual Studio Solution File, Format Version 12.00
# Visual Studio Version 17
VisualStudioVersion = 17.7.34221.43
MinimumVisualStudioVersion = 10.0.40219.1
Project("{FAE04EC0-301F-11D3-BF4B-00C04F79EFBC}") = "DormMgr", "DormMgr\DormMgr.csproj", "{58FD1A1E-93E0-479D-91B1-99CA834DA216}"
EndProject
Global
	GlobalSection(SolutionConfigurationPlatforms) = preSolution
		Debug|Any CPU = Debug|Any CPU
		Release|Any CPU = Release|Any CPU
	EndGlobalSection
	GlobalSection(ProjectConfigurationPlatforms) = postSolution
		{58FD1A1E-93E0-479D-91B1-99CA834DA216}.Debug|Any CPU.ActiveCfg = Debug|Any CPU
		{58FD1A1E-93E0-479D-91B1-99CA834DA216}.Debug|Any CPU.Build.0 = Debug|Any CPU
		{58FD1A1E-93E0-479D-91B1-99CA834DA216}.Release|Any CPU.ActiveCfg = Release|Any CPU
		{58FD1A1E-93E0-479D-91B1-99CA834DA216}.Release|Any CPU.Build.0 = Release|Any CPU
	EndGlobalSection
	GlobalSection(SolutionProperties) = preSolution
		HideSolutionNode = FALSE
	EndGlobalSection
	GlobalSection(ExtensibilityGlobals) = postSolution
		SolutionGuid = {B9F3D7DD-2239-4CF6-918A-CE93310F07F5}
	EndGlobalSection
EndGlobal
